
Microsoft Visual Studio Solution File, Format Version 12.00
# Visual Studio Version 16
VisualStudioVersion = 16.0.32901.82
MinimumVisualStudioVersion = 10.0.40219.1
Project("{FAE04EC0-301F-11D3-BF4B-00C04F79EFBC}") = "desktop", "desktop\desktop.csproj", "{2839AE60-1625-452D-B9C8-46B39497D2E8}"
EndProject
Global
	GlobalSection(SolutionConfigurationPlatforms) = preSolution
		Debug|Any CPU = Debug|Any CPU
		Release|Any CPU = Release|Any CPU
	EndGlobalSection
	GlobalSection(ProjectConfigurationPlatforms) = postSolution
		{2839AE60-1625-452D-B9C8-46B39497D2E8}.Debug|Any CPU.ActiveCfg = Debug|Any CPU
		{2839AE60-1625-452D-B9C8-46B39497D2E8}.Debug|Any CPU.Build.0 = Debug|Any CPU
		{2839AE60-1625-452D-B9C8-46B39497D2E8}.Release|Any CPU.ActiveCfg = Release|Any CPU
		{2839AE60-1625-452D-B9C8-46B39497D2E8}.Release|Any CPU.Build.0 = Release|Any CPU
	EndGlobalSection
	GlobalSection(SolutionProperties) = preSolution
		HideSolutionNode = FALSE
	EndGlobalSection
	GlobalSection(ExtensibilityGlobals) = postSolution
		SolutionGuid = {7FBE1B10-6DE8-4389-8D9A-DD4AD2BF8090}
	EndGlobalSection
EndGlobal
